
Microsoft Visual Studio Solution File, Format Version 12.00
# Visual Studio Version 17
VisualStudioVersion = 17.13.35919.96 d17.13
MinimumVisualStudioVersion = 10.0.40219.1
Project("{FAE04EC0-301F-11D3-BF4B-00C04F79EFBC}") = "myBase", "myBase\myBase.csproj", "{96D2A695-D9D4-4B6E-A013-01D378B4D970}"
EndProject
Global
	GlobalSection(SolutionConfigurationPlatforms) = preSolution
		Debug|Any CPU = Debug|Any CPU
		Release|Any CPU = Release|Any CPU
	EndGlobalSection
	GlobalSection(ProjectConfigurationPlatforms) = postSolution
		{96D2A695-D9D4-4B6E-A013-01D378B4D970}.Debug|Any CPU.ActiveCfg = Debug|Any CPU
		{96D2A695-D9D4-4B6E-A013-01D378B4D970}.Debug|Any CPU.Build.0 = Debug|Any CPU
		{96D2A695-D9D4-4B6E-A013-01D378B4D970}.Release|Any CPU.ActiveCfg = Release|Any CPU
		{96D2A695-D9D4-4B6E-A013-01D378B4D970}.Release|Any CPU.Build.0 = Release|Any CPU
	EndGlobalSection
	GlobalSection(SolutionProperties) = preSolution
		HideSolutionNode = FALSE
	EndGlobalSection
	GlobalSection(ExtensibilityGlobals) = postSolution
		SolutionGuid = {48E4D18D-F5B2-4F2E-B979-41AF85E88FA5}
	EndGlobalSection
EndGlobal
